
Microsoft Visual Studio Solution File, Format Version 12.00
# Visual Studio Version 16
VisualStudioVersion = 16.0.31112.23
MinimumVisualStudioVersion = 10.0.40219.1
Project("{FAE04EC0-301F-11D3-BF4B-00C04F79EFBC}") = "Kyxo", "Kyxo\Kyxo.csproj", "{C97298A2-5008-4B4E-A98B-43BF3DCE95AA}"
EndProject
Global
	GlobalSection(SolutionConfigurationPlatforms) = preSolution
		Debug|Any CPU = Debug|Any CPU
		Release|Any CPU = Release|Any CPU
	EndGlobalSection
	GlobalSection(ProjectConfigurationPlatforms) = postSolution
		{C97298A2-5008-4B4E-A98B-43BF3DCE95AA}.Debug|Any CPU.ActiveCfg = Debug|Any CPU
		{C97298A2-5008-4B4E-A98B-43BF3DCE95AA}.Debug|Any CPU.Build.0 = Debug|Any CPU
		{C97298A2-5008-4B4E-A98B-43BF3DCE95AA}.Release|Any CPU.ActiveCfg = Release|Any CPU
		{C97298A2-5008-4B4E-A98B-43BF3DCE95AA}.Release|Any CPU.Build.0 = Release|Any CPU
	EndGlobalSection
	GlobalSection(SolutionProperties) = preSolution
		HideSolutionNode = FALSE
	EndGlobalSection
	GlobalSection(ExtensibilityGlobals) = postSolution
		SolutionGuid = {910B188D-12FA-47EA-AB86-1B15EC7249B3}
	EndGlobalSection
EndGlobal
